
Microsoft Visual Studio Solution File, Format Version 12.00
# Visual Studio Version 17
VisualStudioVersion = 17.14.36603.0 d17.14
MinimumVisualStudioVersion = 10.0.40219.1
Project("{FAE04EC0-301F-11D3-BF4B-00C04F79EFBC}") = "Fechas_Importantes", "Fechas_Importantes.csproj", "{AAF6528E-C5B2-4064-937B-A51DBDC4BB1F}"
EndProject
Global
	GlobalSection(SolutionConfigurationPlatforms) = preSolution
		Debug|Any CPU = Debug|Any CPU
		Release|Any CPU = Release|Any CPU
	EndGlobalSection
	GlobalSection(ProjectConfigurationPlatforms) = postSolution
		{AAF6528E-C5B2-4064-937B-A51DBDC4BB1F}.Debug|Any CPU.ActiveCfg = Debug|Any CPU
		{AAF6528E-C5B2-4064-937B-A51DBDC4BB1F}.Debug|Any CPU.Build.0 = Debug|Any CPU
		{AAF6528E-C5B2-4064-937B-A51DBDC4BB1F}.Release|Any CPU.ActiveCfg = Release|Any CPU
		{AAF6528E-C5B2-4064-937B-A51DBDC4BB1F}.Release|Any CPU.Build.0 = Release|Any CPU
	EndGlobalSection
	GlobalSection(SolutionProperties) = preSolution
		HideSolutionNode = FALSE
	EndGlobalSection
	GlobalSection(ExtensibilityGlobals) = postSolution
		SolutionGuid = {A5F9C814-7679-42E5-85E5-8D13C5F781DD}
	EndGlobalSection
EndGlobal
